// !$*UTF8*$!
{
	archiveVersion = 1;
	classes = {
	};
	objectVersion = 77;
	objects = {

/* Begin PBXContainerItemProxy section */
		30FE8E283056F4BF00FF19CD /* PBXContainerItemProxy */ = {
			isa = PBXContainerItemProxy;
			containerPortal = 30FE8E0B3056F4BE00FF19CD /* Project object */;
			proxyType = 1;
			remoteGlobalIDString = 30FE8E123056F4BE00FF19CD;
			remoteInfo = MetalARM;
		};
		30FE8E323056F4BF00FF19CD /* PBXContainerItemProxy */ = {
			isa = PBXContainerItemProxy;
			containerPortal = 30FE8E0B3056F4BE00FF19CD /* Project object */;
			proxyType = 1;
			remoteGlobalIDString = 30FE8E123056F4BE00FF19CD;
			remoteInfo = MetalARM;
		};
/* End PBXContainerItemProxy section */

/* Begin PBXFileReference section */
		30FE8E133056F4BE00FF19CD /* MetalARM.app */ = {isa = PBXFileReference; explicitFileType = wrapper.application; includeInIndex = 0; path = MetalARM.app; sourceTree = BUILT_PRODUCTS_DIR; };
		30FE8E273056F4BF00FF19CD /* MetalARMTests.xctest */ = {isa = PBXFileReference; explicitFileType = wrapper.cfbundle; includeInIndex = 0; path = MetalARMTests.xctest; sourceTree = BUILT_PRODUCTS_DIR; };
		30FE8E313056F4BF00FF19CD /* MetalARMUITests.xctest */ = {isa = PBXFileReference; explicitFileType = wrapper.cfbundle; includeInIndex = 0; path = MetalARMUITests.xctest; sourceTree = BUILT_PRODUCTS_DIR; };
/* End PBXFileReference section */

/* Begin PBXFileSystemSynchronizedBuildFileExceptionSet section */
		30FE8E393056F4BF00FF19CD /* Exceptions for "MetalARM" folder in "MetalARM" target */ = {
			isa = PBXFileSystemSynchronizedBuildFileExceptionSet;
			membershipExceptions = (
				Info.plist,
			);
			target = 30FE8E123056F4BE00FF19CD /* MetalARM */;
		};
/* End PBXFileSystemSynchronizedBuildFileExceptionSet section */

/* Begin PBXFileSystemSynchronizedRootGroup section */
		30FE8E153056F4BE00FF19CD /* MetalARM */ = {
			isa = PBXFileSystemSynchronizedRootGroup;
			exceptions = (
				30FE8E393056F4BF00FF19CD /* Exceptions for "MetalARM" folder in "MetalARM" target */,
			);
			path = MetalARM;
			sourceTree = "<group>";
		};
		30FE8E2A3056F4BF00FF19CD /* MetalARMTests */ = {
			isa = PBXFileSystemSynchronizedRootGroup;
			path = MetalARMTests;
			sourceTree = "<group>";
		};
		30FE8E343056F4BF00FF19CD /* MetalARMUITests */ = {
			isa = PBXFileSystemSynchronizedRootGroup;
			path = MetalARMUITests;
			sourceTree = "<group>";
		};
/* End PBXFileSystemSynchronizedRootGroup section */

/* Begin PBXFrameworksBuildPhase section */
		30FE8E103056F4BE00FF19CD /* Frameworks */ = {
			isa = PBXFrameworksBuildPhase;
			buildActionMask = 2147483647;
			files = (
			);
			runOnlyForDeploymentPostprocessing = 0;
		};
		30FE8E243056F4BF00FF19CD /* Frameworks */ = {
			isa = PBXFrameworksBuildPhase;
			buildActionMask = 2147483647;
			files = (
			);
			runOnlyForDeploymentPostprocessing = 0;
		};
		30FE8E2E3056F4BF00FF19CD /* Frameworks */ = {
			isa = PBXFrameworksBuildPhase;
			buildActionMask = 2147483647;
			files = (
			);
			runOnlyForDeploymentPostprocessing = 0;
		};
/* End PBXFrameworksBuildPhase section */

/* Begin PBXGroup section */
		30FE8E0A3056F4BE00FF19CD = {
			isa = PBXGroup;
			children = (
				30FE8E153056F4BE00FF19CD /* MetalARM */,
				30FE8E2A3056F4BF00FF19CD /* MetalARMTests */,
				30FE8E343056F4BF00FF19CD /* MetalARMUITests */,
				30FE8E143056F4BE00FF19CD /* Products */,
			);
			sourceTree = "<group>";
		};
		30FE8E143056F4BE00FF19CD /* Products */ = {
			isa = PBXGroup;
			children = (
				30FE8E133056F4BE00FF19CD /* MetalARM.app */,
				30FE8E273056F4BF00FF19CD /* MetalARMTests.xctest */,
				30FE8E313056F4BF00FF19CD /* MetalARMUITests.xctest */,
			);
			name = Products;
			sourceTree = "<group>";
		};
/* End PBXGroup section */

/* Begin PBXNativeTarget section */
		30FE8E123056F4BE00FF19CD /* MetalARM */ = {
			isa = PBXNativeTarget;
			buildConfigurationList = 30FE8E3A3056F4BF00FF19CD /* Build configuration list for PBXNativeTarget "MetalARM" */;
			buildPhases = (
				30FE8E0F3056F4BE00FF19CD /* Sources */,
				30FE8E103056F4BE00FF19CD /* Frameworks */,
				30FE8E113056F4BE00FF19CD /* Resources */,
			);
			buildRules = (
			);
			dependencies = (
			);
			fileSystemSynchronizedGroups = (
				30FE8E153056F4BE00FF19CD /* MetalARM */,
			);
			name = MetalARM;
			packageProductDependencies = (
			);
			productName = MetalARM;
			productReference = 30FE8E133056F4BE00FF19CD /* MetalARM.app */;
			productType = "com.apple.product-type.application";
		};
		30FE8E263056F4BF00FF19CD /* MetalARMTests */ = {
			isa = PBXNativeTarget;
			buildConfigurationList = 30FE8E3F3056F4BF00FF19CD /* Build configuration list for PBXNativeTarget "MetalARMTests" */;
			buildPhases = (
				30FE8E233056F4BF00FF19CD /* Sources */,
				30FE8E243056F4BF00FF19CD /* Frameworks */,
				30FE8E253056F4BF00FF19CD /* Resources */,
			);
			buildRules = (
			);
			dependencies = (
				30FE8E293056F4BF00FF19CD /* PBXTargetDependency */,
			);
			fileSystemSynchronizedGroups = (
				30FE8E2A3056F4BF00FF19CD /* MetalARMTests */,
			);
			name = MetalARMTests;
			packageProductDependencies = (
			);
			productName = MetalARMTests;
			productReference = 30FE8E273056F4BF00FF19CD /* MetalARMTests.xctest */;
			productType = "com.apple.product-type.bundle.unit-test";
		};
		30FE8E303056F4BF00FF19CD /* MetalARMUITests */ = {
			isa = PBXNativeTarget;
			buildConfigurationList = 30FE8E423056F4BF00FF19CD /* Build configuration list for PBXNativeTarget "MetalARMUITests" */;
			buildPhases = (
				30FE8E2D3056F4BF00FF19CD /* Sources */,
				30FE8E2E3056F4BF00FF19CD /* Frameworks */,
				30FE8E2F3056F4BF00FF19CD /* Resources */,
			);
			buildRules = (
			);
			dependencies = (
				30FE8E333056F4BF00FF19CD /* PBXTargetDependency */,
			);
			fileSystemSynchronizedGroups = (
				30FE8E343056F4BF00FF19CD /* MetalARMUITests */,
			);
			name = MetalARMUITests;
			packageProductDependencies = (
			);
			productName = MetalARMUITests;
			productReference = 30FE8E313056F4BF00FF19CD /* MetalARMUITests.xctest */;
			productType = "com.apple.product-type.bundle.ui-testing";
		};
/* End PBXNativeTarget section */

/* Begin PBXProject section */
		30FE8E0B3056F4BE00FF19CD /* Project object */ = {
			isa = PBXProject;
			attributes = {
				BuildIndependentTargetsInParallel = 1;
				LastSwiftUpdateCheck = 2660;
				LastUpgradeCheck = 2660;
				TargetAttributes = {
					30FE8E123056F4BE00FF19CD = {
						CreatedOnToolsVersion = 26.6;
					};
					30FE8E263056F4BF00FF19CD = {
						CreatedOnToolsVersion = 26.6;
						TestTargetID = 30FE8E123056F4BE00FF19CD;
					};
					30FE8E303056F4BF00FF19CD = {
						CreatedOnToolsVersion = 26.6;
						TestTargetID = 30FE8E123056F4BE00FF19CD;
					};
				};
			};
			buildConfigurationList = 30FE8E0E3056F4BE00FF19CD /* Build configuration list for PBXProject "MetalARM" */;
			developmentRegion = en;
			hasScannedForEncodings = 0;
			knownRegions = (
				en,
				Base,
			);
			mainGroup = 30FE8E0A3056F4BE00FF19CD;
			minimizedProjectReferenceProxies = 1;
			preferredProjectObjectVersion = 77;
			productRefGroup = 30FE8E143056F4BE00FF19CD /* Products */;
			projectDirPath = "";
			projectRoot = "";
			targets = (
				30FE8E123056F4BE00FF19CD /* MetalARM */,
				30FE8E263056F4BF00FF19CD /* MetalARMTests */,
				30FE8E303056F4BF00FF19CD /* MetalARMUITests */,
			);
		};
/* End PBXProject section */

/* Begin PBXResourcesBuildPhase section */
		30FE8E113056F4BE00FF19CD /* Resources */ = {
			isa = PBXResourcesBuildPhase;
			buildActionMask = 2147483647;
			files = (
			);
			runOnlyForDeploymentPostprocessing = 0;
		};
		30FE8E253056F4BF00FF19CD /* Resources */ = {
			isa = PBXResourcesBuildPhase;
			buildActionMask = 2147483647;
			files = (
			);
			runOnlyForDeploymentPostprocessing = 0;
		};
		30FE8E2F3056F4BF00FF19CD /* Resources */ = {
			isa = PBXResourcesBuildPhase;
			buildActionMask = 2147483647;
			files = (
			);
			runOnlyForDeploymentPostprocessing = 0;
		};
/* End PBXResourcesBuildPhase section */

/* Begin PBXSourcesBuildPhase section */
		30FE8E0F3056F4BE00FF19CD /* Sources */ = {
			isa = PBXSourcesBuildPhase;
			buildActionMask = 2147483647;
			files = (
			);
			runOnlyForDeploymentPostprocessing = 0;
		};
		30FE8E233056F4BF00FF19CD /* Sources */ = {
			isa = PBXSourcesBuildPhase;
			buildActionMask = 2147483647;
			files = (
			);
			runOnlyForDeploymentPostprocessing = 0;
		};
		30FE8E2D3056F4BF00FF19CD /* Sources */ = {
			isa = PBXSourcesBuildPhase;
			buildActionMask = 2147483647;
			files = (
			);
			runOnlyForDeploymentPostprocessing = 0;
		};
/* End PBXSourcesBuildPhase section */

/* Begin PBXTargetDependency section */
		30FE8E293056F4BF00FF19CD /* PBXTargetDependency */ = {
			isa = PBXTargetDependency;
			target = 30FE8E123056F4BE00FF19CD /* MetalARM */;
			targetProxy = 30FE8E283056F4BF00FF19CD /* PBXContainerItemProxy */;
		};
		30FE8E333056F4BF00FF19CD /* PBXTargetDependency */ = {
			isa = PBXTargetDependency;
			target = 30FE8E123056F4BE00FF19CD /* MetalARM */;
			targetProxy = 30FE8E323056F4BF00FF19CD /* PBXContainerItemProxy */;
		};
/* End PBXTargetDependency section */

/* Begin XCBuildConfiguration section */
		30FE8E3B3056F4BF00FF19CD /* Debug */ = {
			isa = XCBuildConfiguration;
			buildSettings = {
				ASSETCATALOG_COMPILER_APPICON_NAME = AppIcon;
				ASSETCATALOG_COMPILER_GLOBAL_ACCENT_COLOR_NAME = AccentColor;
				CODE_SIGN_ENTITLEMENTS = MetalARM/MetalARM.entitlements;
				CODE_SIGN_STYLE = Automatic;
				CURRENT_PROJECT_VERSION = 1;
				ENABLE_PREVIEWS = YES;
				GENERATE_INFOPLIST_FILE = YES;
				INFOPLIST_FILE = MetalARM/Info.plist;
				INFOPLIST_KEY_UIApplicationSceneManifest_Generation = YES;
				INFOPLIST_KEY_UIApplicationSupportsIndirectInputEvents = YES;
				INFOPLIST_KEY_UILaunchScreen_Generation = YES;
				INFOPLIST_KEY_UISupportedInterfaceOrientations_iPad = "UIInterfaceOrientationPortrait UIInterfaceOrientationPortraitUpsideDown UIInterfaceOrientationLandscapeLeft UIInterfaceOrientationLandscapeRight";
				INFOPLIST_KEY_UISupportedInterfaceOrientations_iPhone = UIInterfaceOrientationPortrait;
				LD_RUNPATH_SEARCH_PATHS = (
					"$(inherited)",
					"@executable_path/Frameworks",
				);
				MARKETING_VERSION = 1.0;
				METALARM_API_BASE_URL = "http://127.0.0.1:8000";
				METALARM_WEB_BASE_URL = "http://localhost:3000";
				PRODUCT_BUNDLE_IDENTIFIER = com.SreeRam.MetalARM;
				PRODUCT_NAME = "$(TARGET_NAME)";
				STRING_CATALOG_GENERATE_SYMBOLS = YES;
				SWIFT_APPROACHABLE_CONCURRENCY = YES;
				SWIFT_DEFAULT_ACTOR_ISOLATION = MainActor;
				SWIFT_EMIT_LOC_STRINGS = YES;
				SWIFT_UPCOMING_FEATURE_MEMBER_IMPORT_VISIBILITY = YES;
				SWIFT_VERSION = 5.0;
				TARGETED_DEVICE_FAMILY = 1;
			};
			name = Debug;
		};
		30FE8E3C3056F4BF00FF19CD /* Release */ = {
			isa = XCBuildConfiguration;
			buildSettings = {
				ASSETCATALOG_COMPILER_APPICON_NAME = AppIcon;
				ASSETCATALOG_COMPILER_GLOBAL_ACCENT_COLOR_NAME = AccentColor;
				CODE_SIGN_ENTITLEMENTS = MetalARM/MetalARM.entitlements;
				CODE_SIGN_STYLE = Automatic;
				CURRENT_PROJECT_VERSION = 1;
				ENABLE_PREVIEWS = YES;
				GENERATE_INFOPLIST_FILE = YES;
				INFOPLIST_FILE = MetalARM/Info.plist;
				INFOPLIST_KEY_UIApplicationSceneManifest_Generation = YES;
				INFOPLIST_KEY_UIApplicationSupportsIndirectInputEvents = YES;
				INFOPLIST_KEY_UILaunchScreen_Generation = YES;
				INFOPLIST_KEY_UISupportedInterfaceOrientations_iPad = "UIInterfaceOrientationPortrait UIInterfaceOrientationPortraitUpsideDown UIInterfaceOrientationLandscapeLeft UIInterfaceOrientationLandscapeRight";
				INFOPLIST_KEY_UISupportedInterfaceOrientations_iPhone = UIInterfaceOrientationPortrait;
				LD_RUNPATH_SEARCH_PATHS = (
					"$(inherited)",
					"@executable_path/Frameworks",
				);
				MARKETING_VERSION = 1.0;
				METALARM_API_BASE_URL = "https://api.metalarm.example.com";
				METALARM_WEB_BASE_URL = "https://metalarm.example.com";
				PRODUCT_BUNDLE_IDENTIFIER = com.SreeRam.MetalARM;
				PRODUCT_NAME = "$(TARGET_NAME)";
				STRING_CATALOG_GENERATE_SYMBOLS = YES;
				SWIFT_APPROACHABLE_CONCURRENCY = YES;
				SWIFT_DEFAULT_ACTOR_ISOLATION = MainActor;
				SWIFT_EMIT_LOC_STRINGS = YES;
				SWIFT_UPCOMING_FEATURE_MEMBER_IMPORT_VISIBILITY = YES;
				SWIFT_VERSION = 5.0;
				TARGETED_DEVICE_FAMILY = 1;
			};
			name = Release;
		};
		30FE8E3D3056F4BF00FF19CD /* Debug */ = {
			isa = XCBuildConfiguration;
			buildSettings = {
				ALWAYS_SEARCH_USER_PATHS = NO;
				ASSETCATALOG_COMPILER_GENERATE_SWIFT_ASSET_SYMBOL_EXTENSIONS = YES;
				CLANG_ANALYZER_NONNULL = YES;
				CLANG_ANALYZER_NUMBER_OBJECT_CONVERSION = YES_AGGRESSIVE;
				CLANG_CXX_LANGUAGE_STANDARD = "gnu++20";
				CLANG_ENABLE_MODULES = YES;
				CLANG_ENABLE_OBJC_ARC = YES;
				CLANG_ENABLE_OBJC_WEAK = YES;
				CLANG_WARN_BLOCK_CAPTURE_AUTORELEASING = YES;
				CLANG_WARN_BOOL_CONVERSION = YES;
				CLANG_WARN_COMMA = YES;
				CLANG_WARN_CONSTANT_CONVERSION = YES;
				CLANG_WARN_DEPRECATED_OBJC_IMPLEMENTATIONS = YES;
				CLANG_WARN_DIRECT_OBJC_ISA_USAGE = YES_ERROR;
				CLANG_WARN_DOCUMENTATION_COMMENTS = YES;
				CLANG_WARN_EMPTY_BODY = YES;
				CLANG_WARN_ENUM_CONVERSION = YES;
				CLANG_WARN_INFINITE_RECURSION = YES;
				CLANG_WARN_INT_CONVERSION = YES;
				CLANG_WARN_NON_LITERAL_NULL_CONVERSION = YES;
				CLANG_WARN_OBJC_IMPLICIT_RETAIN_SELF = YES;
				CLANG_WARN_OBJC_LITERAL_CONVERSION = YES;
				CLANG_WARN_OBJC_ROOT_CLASS = YES_ERROR;
				CLANG_WARN_QUOTED_INCLUDE_IN_FRAMEWORK_HEADER = YES;
				CLANG_WARN_RANGE_LOOP_ANALYSIS = YES;
				CLANG_WARN_STRICT_PROTOTYPES = YES;
				CLANG_WARN_SUSPICIOUS_MOVE = YES;
				CLANG_WARN_UNGUARDED_AVAILABILITY = YES_AGGRESSIVE;
				CLANG_WARN_UNREACHABLE_CODE = YES;
				CLANG_WARN__DUPLICATE_METHOD_MATCH = YES;
				COPY_PHASE_STRIP = NO;
				DEBUG_INFORMATION_FORMAT = dwarf;
				ENABLE_STRICT_OBJC_MSGSEND = YES;
				ENABLE_TESTABILITY = YES;
				ENABLE_USER_SCRIPT_SANDBOXING = YES;
				GCC_C_LANGUAGE_STANDARD = gnu17;
				GCC_DYNAMIC_NO_PIC = NO;
				GCC_NO_COMMON_BLOCKS = YES;
				GCC_OPTIMIZATION_LEVEL = 0;
				GCC_PREPROCESSOR_DEFINITIONS = (
					"DEBUG=1",
					"$(inherited)",
				);
				GCC_WARN_64_TO_32_BIT_CONVERSION = YES;
				GCC_WARN_ABOUT_RETURN_TYPE = YES_ERROR;
				GCC_WARN_UNDECLARED_SELECTOR = YES;
				GCC_WARN_UNINITIALIZED_AUTOS = YES_AGGRESSIVE;
				GCC_WARN_UNUSED_FUNCTION = YES;
				GCC_WARN_UNUSED_VARIABLE = YES;
				IPHONEOS_DEPLOYMENT_TARGET = 18.0;
				LOCALIZATION_PREFERS_STRING_CATALOGS = YES;
				MTL_ENABLE_DEBUG_INFO = INCLUDE_SOURCE;
				MTL_FAST_MATH = YES;
				ONLY_ACTIVE_ARCH = YES;
				SDKROOT = iphoneos;
				SWIFT_ACTIVE_COMPILATION_CONDITIONS = "DEBUG $(inherited)";
				SWIFT_OPTIMIZATION_LEVEL = "-Onone";
			};
			name = Debug;
		};
		30FE8E3E3056F4BF00FF19CD /* Release */ = {
			isa = XCBuildConfiguration;
			buildSettings = {
				ALWAYS_SEARCH_USER_PATHS = NO;
				ASSETCATALOG_COMPILER_GENERATE_SWIFT_ASSET_SYMBOL_EXTENSIONS = YES;
				CLANG_ANALYZER_NONNULL = YES;
				CLANG_ANALYZER_NUMBER_OBJECT_CONVERSION = YES_AGGRESSIVE;
				CLANG_CXX_LANGUAGE_STANDARD = "gnu++20";
				CLANG_ENABLE_MODULES = YES;
				CLANG_ENABLE_OBJC_ARC = YES;
				CLANG_ENABLE_OBJC_WEAK = YES;
				CLANG_WARN_BLOCK_CAPTURE_AUTORELEASING = YES;
				CLANG_WARN_BOOL_CONVERSION = YES;
				CLANG_WARN_COMMA = YES;
				CLANG_WARN_CONSTANT_CONVERSION = YES;
				CLANG_WARN_DEPRECATED_OBJC_IMPLEMENTATIONS = YES;
				CLANG_WARN_DIRECT_OBJC_ISA_USAGE = YES_ERROR;
				CLANG_WARN_DOCUMENTATION_COMMENTS = YES;
				CLANG_WARN_EMPTY_BODY = YES;
				CLANG_WARN_ENUM_CONVERSION = YES;
				CLANG_WARN_INFINITE_RECURSION = YES;
				CLANG_WARN_INT_CONVERSION = YES;
				CLANG_WARN_NON_LITERAL_NULL_CONVERSION = YES;
				CLANG_WARN_OBJC_IMPLICIT_RETAIN_SELF = YES;
				CLANG_WARN_OBJC_LITERAL_CONVERSION = YES;
				CLANG_WARN_OBJC_ROOT_CLASS = YES_ERROR;
				CLANG_WARN_QUOTED_INCLUDE_IN_FRAMEWORK_HEADER = YES;
				CLANG_WARN_RANGE_LOOP_ANALYSIS = YES;
				CLANG_WARN_STRICT_PROTOTYPES = YES;
				CLANG_WARN_SUSPICIOUS_MOVE = YES;
				CLANG_WARN_UNGUARDED_AVAILABILITY = YES_AGGRESSIVE;
				CLANG_WARN_UNREACHABLE_CODE = YES;
				CLANG_WARN__DUPLICATE_METHOD_MATCH = YES;
				COPY_PHASE_STRIP = NO;
				DEBUG_INFORMATION_FORMAT = "dwarf-with-dsym";
				ENABLE_NS_ASSERTIONS = NO;
				ENABLE_STRICT_OBJC_MSGSEND = YES;
				ENABLE_USER_SCRIPT_SANDBOXING = YES;
				GCC_C_LANGUAGE_STANDARD = gnu17;
				GCC_NO_COMMON_BLOCKS = YES;
				GCC_WARN_64_TO_32_BIT_CONVERSION = YES;
				GCC_WARN_ABOUT_RETURN_TYPE = YES_ERROR;
				GCC_WARN_UNDECLARED_SELECTOR = YES;
				GCC_WARN_UNINITIALIZED_AUTOS = YES_AGGRESSIVE;
				GCC_WARN_UNUSED_FUNCTION = YES;
				GCC_WARN_UNUSED_VARIABLE = YES;
				IPHONEOS_DEPLOYMENT_TARGET = 18.0;
				LOCALIZATION_PREFERS_STRING_CATALOGS = YES;
				MTL_ENABLE_DEBUG_INFO = NO;
				MTL_FAST_MATH = YES;
				SDKROOT = iphoneos;
				SWIFT_COMPILATION_MODE = wholemodule;
				VALIDATE_PRODUCT = YES;
			};
			name = Release;
		};
		30FE8E403056F4BF00FF19CD /* Debug */ = {
			isa = XCBuildConfiguration;
			buildSettings = {
				BUNDLE_LOADER = "$(TEST_HOST)";
				CODE_SIGN_STYLE = Automatic;
				CURRENT_PROJECT_VERSION = 1;
				GENERATE_INFOPLIST_FILE = YES;
				IPHONEOS_DEPLOYMENT_TARGET = 18.0;
				MARKETING_VERSION = 1.0;
				PRODUCT_BUNDLE_IDENTIFIER = com.SreeRam.MetalARMTests;
				PRODUCT_NAME = "$(TARGET_NAME)";
				STRING_CATALOG_GENERATE_SYMBOLS = NO;
				SWIFT_APPROACHABLE_CONCURRENCY = YES;
				SWIFT_EMIT_LOC_STRINGS = NO;
				SWIFT_UPCOMING_FEATURE_MEMBER_IMPORT_VISIBILITY = YES;
				SWIFT_VERSION = 5.0;
				TARGETED_DEVICE_FAMILY = 1;
				TEST_HOST = "$(BUILT_PRODUCTS_DIR)/MetalARM.app/$(BUNDLE_EXECUTABLE_FOLDER_PATH)/MetalARM";
			};
			name = Debug;
		};
		30FE8E413056F4BF00FF19CD /* Release */ = {
			isa = XCBuildConfiguration;
			buildSettings = {
				BUNDLE_LOADER = "$(TEST_HOST)";
				CODE_SIGN_STYLE = Automatic;
				CURRENT_PROJECT_VERSION = 1;
				GENERATE_INFOPLIST_FILE = YES;
				IPHONEOS_DEPLOYMENT_TARGET = 18.0;
				MARKETING_VERSION = 1.0;
				PRODUCT_BUNDLE_IDENTIFIER = com.SreeRam.MetalARMTests;
				PRODUCT_NAME = "$(TARGET_NAME)";
				STRING_CATALOG_GENERATE_SYMBOLS = NO;
				SWIFT_APPROACHABLE_CONCURRENCY = YES;
				SWIFT_EMIT_LOC_STRINGS = NO;
				SWIFT_UPCOMING_FEATURE_MEMBER_IMPORT_VISIBILITY = YES;
				SWIFT_VERSION = 5.0;
				TARGETED_DEVICE_FAMILY = 1;
				TEST_HOST = "$(BUILT_PRODUCTS_DIR)/MetalARM.app/$(BUNDLE_EXECUTABLE_FOLDER_PATH)/MetalARM";
			};
			name = Release;
		};
		30FE8E433056F4BF00FF19CD /* Debug */ = {
			isa = XCBuildConfiguration;
			buildSettings = {
				CODE_SIGN_STYLE = Automatic;
				CURRENT_PROJECT_VERSION = 1;
				GENERATE_INFOPLIST_FILE = YES;
				MARKETING_VERSION = 1.0;
				PRODUCT_BUNDLE_IDENTIFIER = com.SreeRam.MetalARMUITests;
				PRODUCT_NAME = "$(TARGET_NAME)";
				STRING_CATALOG_GENERATE_SYMBOLS = NO;
				SWIFT_APPROACHABLE_CONCURRENCY = YES;
				SWIFT_EMIT_LOC_STRINGS = NO;
				SWIFT_UPCOMING_FEATURE_MEMBER_IMPORT_VISIBILITY = YES;
				SWIFT_VERSION = 5.0;
				TARGETED_DEVICE_FAMILY = 1;
				TEST_TARGET_NAME = MetalARM;
			};
			name = Debug;
		};
		30FE8E443056F4BF00FF19CD /* Release */ = {
			isa = XCBuildConfiguration;
			buildSettings = {
				CODE_SIGN_STYLE = Automatic;
				CURRENT_PROJECT_VERSION = 1;
				GENERATE_INFOPLIST_FILE = YES;
				MARKETING_VERSION = 1.0;
				PRODUCT_BUNDLE_IDENTIFIER = com.SreeRam.MetalARMUITests;
				PRODUCT_NAME = "$(TARGET_NAME)";
				STRING_CATALOG_GENERATE_SYMBOLS = NO;
				SWIFT_APPROACHABLE_CONCURRENCY = YES;
				SWIFT_EMIT_LOC_STRINGS = NO;
				SWIFT_UPCOMING_FEATURE_MEMBER_IMPORT_VISIBILITY = YES;
				SWIFT_VERSION = 5.0;
				TARGETED_DEVICE_FAMILY = 1;
				TEST_TARGET_NAME = MetalARM;
			};
			name = Release;
		};
/* End XCBuildConfiguration section */

/* Begin XCConfigurationList section */
		30FE8E0E3056F4BE00FF19CD /* Build configuration list for PBXProject "MetalARM" */ = {
			isa = XCConfigurationList;
			buildConfigurations = (
				30FE8E3D3056F4BF00FF19CD /* Debug */,
				30FE8E3E3056F4BF00FF19CD /* Release */,
			);
			defaultConfigurationIsVisible = 0;
			defaultConfigurationName = Release;
		};
		30FE8E3A3056F4BF00FF19CD /* Build configuration list for PBXNativeTarget "MetalARM" */ = {
			isa = XCConfigurationList;
			buildConfigurations = (
				30FE8E3B3056F4BF00FF19CD /* Debug */,
				30FE8E3C3056F4BF00FF19CD /* Release */,
			);
			defaultConfigurationIsVisible = 0;
			defaultConfigurationName = Release;
		};
		30FE8E3F3056F4BF00FF19CD /* Build configuration list for PBXNativeTarget "MetalARMTests" */ = {
			isa = XCConfigurationList;
			buildConfigurations = (
				30FE8E403056F4BF00FF19CD /* Debug */,
				30FE8E413056F4BF00FF19CD /* Release */,
			);
			defaultConfigurationIsVisible = 0;
			defaultConfigurationName = Release;
		};
		30FE8E423056F4BF00FF19CD /* Build configuration list for PBXNativeTarget "MetalARMUITests" */ = {
			isa = XCConfigurationList;
			buildConfigurations = (
				30FE8E433056F4BF00FF19CD /* Debug */,
				30FE8E443056F4BF00FF19CD /* Release */,
			);
			defaultConfigurationIsVisible = 0;
			defaultConfigurationName = Release;
		};
/* End XCConfigurationList section */
	};
	rootObject = 30FE8E0B3056F4BE00FF19CD /* Project object */;
}
